
Microsoft Visual Studio Solution File, Format Version 12.00
# Visual Studio 14
VisualStudioVersion = 14.0.25420.1
MinimumVisualStudioVersion = 10.0.40219.1
Project("{2150E333-8FDC-42A3-9474-1A3956D46DE8}") = "DM Solution Documentation", "DM Solution Documentation", "{B42499FE-7115-4957-993B-5C85AA7F94EC}"
	ProjectSection(SolutionItems) = preProject
		DM Solution Documentation\Redwood Solution Documentation.docx = DM Solution Documentation\Redwood Solution Documentation.docx
		DM Solution Documentation\Redwood Solution Workbook.xlsx = DM Solution Documentation\Redwood Solution Workbook.xlsx
		DM Solution Documentation\Redwood Star Schema.vsdx = DM Solution Documentation\Redwood Star Schema.vsdx
		TextFile1.txt = TextFile1.txt
	EndProjectSection
EndProject
Project("{2150E333-8FDC-42A3-9474-1A3956D46DE8}") = "DM Build", "DM Build", "{3B01417F-E49C-4F80-B23A-8A893E127CF5}"
	ProjectSection(SolutionItems) = preProject
		DM Build\BuildRedwoodDM.sql = DM Build\BuildRedwoodDM.sql
		DM Build\Redwood SSMS Diagram.JPG = DM Build\Redwood SSMS Diagram.JPG
	EndProjectSection
EndProject
Global
	GlobalSection(SolutionProperties) = preSolution
		HideSolutionNode = FALSE
	EndGlobalSection
EndGlobal
